
Microsoft Visual Studio Solution File, Format Version 12.00
# Visual Studio Version 17
VisualStudioVersion = 17.5.002.0
MinimumVisualStudioVersion = 10.0.40219.1
Project("{9A19103F-16F7-4668-BE54-9A1E7A4F7556}") = "adder", "adder.csproj", "{03C7C4B3-108B-46F0-8515-9070A8F980CE}"
EndProject
Global
	GlobalSection(SolutionConfigurationPlatforms) = preSolution
		Debug|Any CPU = Debug|Any CPU
		Release|Any CPU = Release|Any CPU
	EndGlobalSection
	GlobalSection(ProjectConfigurationPlatforms) = postSolution
		{03C7C4B3-108B-46F0-8515-9070A8F980CE}.Debug|Any CPU.ActiveCfg = Debug|Any CPU
		{03C7C4B3-108B-46F0-8515-9070A8F980CE}.Debug|Any CPU.Build.0 = Debug|Any CPU
		{03C7C4B3-108B-46F0-8515-9070A8F980CE}.Release|Any CPU.ActiveCfg = Release|Any CPU
		{03C7C4B3-108B-46F0-8515-9070A8F980CE}.Release|Any CPU.Build.0 = Release|Any CPU
	EndGlobalSection
	GlobalSection(SolutionProperties) = preSolution
		HideSolutionNode = FALSE
	EndGlobalSection
	GlobalSection(ExtensibilityGlobals) = postSolution
		SolutionGuid = {918061F4-3226-4459-8964-052C456FE68D}
	EndGlobalSection
EndGlobal
