{
  "name": "cowsay-test",
  "version": "1.0.0",
  "lockfileVersion": 3,
  "requires": true,
  "packages": {
    "": {
      "name": "cowsay-test",
      "version": "1.0.0",
      "license": "MIT",
      "dependencies": {
        "@bytecodealliance/preview2-shim": "^0.16.7"
      },
      "devDependencies": {
        "typescript": "^5.6.2"
      }
    },
    "node_modules/@bytecodealliance/preview2-shim": {
      "version": "0.16.7",
      "resolved": "https://registry.npmjs.org/@bytecodealliance/preview2-shim/-/preview2-shim-0.16.7.tgz",
      "integrity": "sha512-YxfbzaykY6iVCSmeHPwOqO4fnWGj6awQ5pCK3UyI0zOg9Okp7pvK4J5BkQUC5QpPdFC9vUmWdqx5QSLt9k3iyQ==",
      "license": "(Apache-2.0 WITH LLVM-exception)"
    },
    "node_modules/typescript": {
      "version": "5.6.2",
      "resolved": "https://registry.npmjs.org/typescript/-/typescript-5.6.2.tgz",
      "integrity": "sha512-NW8ByodCSNCwZeghjN3o+JX5OFH0Ojg6sadjEKY4huZ52TqbJTJnDo5+Tw98lSy63NZvi4n+ez5m2u5d4PkZyw==",
      "dev": true,
      "license": "Apache-2.0",
      "bin": {
        "tsc": "bin/tsc",
        "tsserver": "bin/tsserver"
      },
      "engines": {
        "node": ">=14.17"
      }
    }
  }
}
